{
    "_readme": [
        "This file locks the dependencies of your project to a known state",
        "Read more about it at https://getcomposer.org/doc/01-basic-usage.md#installing-dependencies",
        "This file is @generated automatically"
    ],
    "content-hash": "74f7eccfbcb7c03a1cf8bd26a8da727f",
    "packages": [
        {
            "name": "kyle2142/phpbot",
            "version": "v0.7.1",
            "source": {
                "type": "git",
                "url": "https://github.com/Kyle2142/PHPBot.git",
                "reference": "12165e128c67a536b26327a9e912eeb28640ac9c"
            },
            "dist": {
                "type": "zip",
                "url": "https://api.github.com/repos/Kyle2142/PHPBot/zipball/12165e128c67a536b26327a9e912eeb28640ac9c",
                "reference": "12165e128c67a536b26327a9e912eeb28640ac9c",
                "shasum": ""
            },
            "require": {
                "ext-curl": "*",
                "ext-json": "*",
                "php": "^7.0"
            },
            "require-dev": {
                "phpunit/phpunit": "^6"
            },
            "type": "library",
            "autoload": {
                "files": [
                    "PHPBot.php"
                ]
            },
            "notification-url": "https://packagist.org/downloads/",
            "license": [
                "MIT"
            ],
            "authors": [
                {
                    "name": "Kyle",
                    "email": "Kyle-2142@outlook.com"
                }
            ],
            "description": "A simple lib to use Telegram's BotAPI in PHP",
            "time": "2019-09-23T21:36:05+00:00"
        }
    ],
    "packages-dev": [],
    "aliases": [],
    "minimum-stability": "stable",
    "stability-flags": [],
    "prefer-stable": false,
    "prefer-lowest": false,
    "platform": [],
    "platform-dev": [],
    "plugin-api-version": "1.1.0"
}
